
Microsoft Visual Studio Solution File, Format Version 12.00
# Visual Studio Version 17
VisualStudioVersion = 17.9.34701.34
MinimumVisualStudioVersion = 10.0.40219.1
Project("{FAE04EC0-301F-11D3-BF4B-00C04F79EFBC}") = "API", "API\API.csproj", "{2A8C3892-5385-4870-B15A-747EBCFCCBAD}"
EndProject
Global
	GlobalSection(SolutionConfigurationPlatforms) = preSolution
		Debug|Any CPU = Debug|Any CPU
		Release|Any CPU = Release|Any CPU
	EndGlobalSection
	GlobalSection(ProjectConfigurationPlatforms) = postSolution
		{2A8C3892-5385-4870-B15A-747EBCFCCBAD}.Debug|Any CPU.ActiveCfg = Debug|Any CPU
		{2A8C3892-5385-4870-B15A-747EBCFCCBAD}.Debug|Any CPU.Build.0 = Debug|Any CPU
		{2A8C3892-5385-4870-B15A-747EBCFCCBAD}.Release|Any CPU.ActiveCfg = Release|Any CPU
		{2A8C3892-5385-4870-B15A-747EBCFCCBAD}.Release|Any CPU.Build.0 = Release|Any CPU
	EndGlobalSection
	GlobalSection(SolutionProperties) = preSolution
		HideSolutionNode = FALSE
	EndGlobalSection
	GlobalSection(ExtensibilityGlobals) = postSolution
		SolutionGuid = {C1C76181-81C5-4C17-83A4-FE00659A2305}
	EndGlobalSection
EndGlobal
